// !$*UTF8*$!
{
	archiveVersion = 1;
	classes = {
	};
	objectVersion = 50;
	objects = {

/* Begin PBXBuildFile section */
		5DC7AE0025815C93007147CF /* AppDelegate.swift in Sources */ = {isa = PBXBuildFile; fileRef = 5DC7ADFF25815C93007147CF /* AppDelegate.swift */; };
		5DC7AE0225815C93007147CF /* SceneDelegate.swift in Sources */ = {isa = PBXBuildFile; fileRef = 5DC7AE0125815C93007147CF /* SceneDelegate.swift */; };
		5DC7AE0425815C93007147CF /* ContentView.swift in Sources */ = {isa = PBXBuildFile; fileRef = 5DC7AE0325815C93007147CF /* ContentView.swift */; };
		5DC7AE0725815C93007147CF /* Social_Project.xcdatamodeld in Sources */ = {isa = PBXBuildFile; fileRef = 5DC7AE0525815C93007147CF /* Social_Project.xcdatamodeld */; };
		5DC7AE0925815C97007147CF /* Assets.xcassets in Resources */ = {isa = PBXBuildFile; fileRef = 5DC7AE0825815C97007147CF /* Assets.xcassets */; };
		5DC7AE0C25815C97007147CF /* Preview Assets.xcassets in Resources */ = {isa = PBXBuildFile; fileRef = 5DC7AE0B25815C97007147CF /* Preview Assets.xcassets */; };
		5DC7AE0F25815C97007147CF /* LaunchScreen.storyboard in Resources */ = {isa = PBXBuildFile; fileRef = 5DC7AE0D25815C97007147CF /* LaunchScreen.storyboard */; };
		5DC7AE2025815D47007147CF /* AddNewFamily.swift in Sources */ = {isa = PBXBuildFile; fileRef = 5DC7AE1F25815D47007147CF /* AddNewFamily.swift */; };
		5DC7AE2F25815FD1007147CF /* Persons+CoreDataClass.swift in Sources */ = {isa = PBXBuildFile; fileRef = 5DC7AE2D25815FD1007147CF /* Persons+CoreDataClass.swift */; };
		5DC7AE3025815FD1007147CF /* Persons+CoreDataProperties.swift in Sources */ = {isa = PBXBuildFile; fileRef = 5DC7AE2E25815FD1007147CF /* Persons+CoreDataProperties.swift */; };
/* End PBXBuildFile section */

/* Begin PBXFileReference section */
		5DC7ADFC25815C93007147CF /* Social_Project.app */ = {isa = PBXFileReference; explicitFileType = wrapper.application; includeInIndex = 0; path = Social_Project.app; sourceTree = BUILT_PRODUCTS_DIR; };
		5DC7ADFF25815C93007147CF /* AppDelegate.swift */ = {isa = PBXFileReference; lastKnownFileType = sourcecode.swift; path = AppDelegate.swift; sourceTree = "<group>"; };
		5DC7AE0125815C93007147CF /* SceneDelegate.swift */ = {isa = PBXFileReference; lastKnownFileType = sourcecode.swift; path = SceneDelegate.swift; sourceTree = "<group>"; };
		5DC7AE0325815C93007147CF /* ContentView.swift */ = {isa = PBXFileReference; lastKnownFileType = sourcecode.swift; path = ContentView.swift; sourceTree = "<group>"; };
		5DC7AE0625815C93007147CF /* Social_Project.xcdatamodel */ = {isa = PBXFileReference; lastKnownFileType = wrapper.xcdatamodel; path = Social_Project.xcdatamodel; sourceTree = "<group>"; };
		5DC7AE0825815C97007147CF /* Assets.xcassets */ = {isa = PBXFileReference; lastKnownFileType = folder.assetcatalog; path = Assets.xcassets; sourceTree = "<group>"; };
		5DC7AE0B25815C97007147CF /* Preview Assets.xcassets */ = {isa = PBXFileReference; lastKnownFileType = folder.assetcatalog; path = "Preview Assets.xcassets"; sourceTree = "<group>"; };
		5DC7AE0E25815C97007147CF /* Base */ = {isa = PBXFileReference; lastKnownFileType = file.storyboard; name = Base; path = Base.lproj/LaunchScreen.storyboard; sourceTree = "<group>"; };
		5DC7AE1025815C97007147CF /* Info.plist */ = {isa = PBXFileReference; lastKnownFileType = text.plist.xml; path = Info.plist; sourceTree = "<group>"; };
		5DC7AE1F25815D47007147CF /* AddNewFamily.swift */ = {isa = PBXFileReference; lastKnownFileType = sourcecode.swift; path = AddNewFamily.swift; sourceTree = "<group>"; };
		5DC7AE2D25815FD1007147CF /* Persons+CoreDataClass.swift */ = {isa = PBXFileReference; lastKnownFileType = sourcecode.swift; path = "Persons+CoreDataClass.swift"; sourceTree = SOURCE_ROOT; };
		5DC7AE2E25815FD1007147CF /* Persons+CoreDataProperties.swift */ = {isa = PBXFileReference; lastKnownFileType = sourcecode.swift; path = "Persons+CoreDataProperties.swift"; sourceTree = SOURCE_ROOT; };
/* End PBXFileReference section */

/* Begin PBXFrameworksBuildPhase section */
		5DC7ADF925815C93007147CF /* Frameworks */ = {
			isa = PBXFrameworksBuildPhase;
			buildActionMask = 2147483647;
			files = (
			);
			runOnlyForDeploymentPostprocessing = 0;
		};
/* End PBXFrameworksBuildPhase section */

/* Begin PBXGroup section */
		5DC7ADF325815C93007147CF = {
			isa = PBXGroup;
			children = (
				5DC7ADFE25815C93007147CF /* Social_Project */,
				5DC7ADFD25815C93007147CF /* Products */,
			);
			sourceTree = "<group>";
		};
		5DC7ADFD25815C93007147CF /* Products */ = {
			isa = PBXGroup;
			children = (
				5DC7ADFC25815C93007147CF /* Social_Project.app */,
			);
			name = Products;
			sourceTree = "<group>";
		};
		5DC7ADFE25815C93007147CF /* Social_Project */ = {
			isa = PBXGroup;
			children = (
				5DC7AE1F25815D47007147CF /* AddNewFamily.swift */,
				5DC7AE1E25815D30007147CF /* Controller */,
				5DC7AE1725815CFD007147CF /* CoreData Files */,
				5DC7ADFF25815C93007147CF /* AppDelegate.swift */,
				5DC7AE0125815C93007147CF /* SceneDelegate.swift */,
				5DC7AE0325815C93007147CF /* ContentView.swift */,
				5DC7AE0825815C97007147CF /* Assets.xcassets */,
				5DC7AE1025815C97007147CF /* Info.plist */,
				5DC7AE0D25815C97007147CF /* LaunchScreen.storyboard */,
				5DC7AE0525815C93007147CF /* Social_Project.xcdatamodeld */,
				5DC7AE0A25815C97007147CF /* Preview Content */,
			);
			path = Social_Project;
			sourceTree = "<group>";
		};
		5DC7AE0A25815C97007147CF /* Preview Content */ = {
			isa = PBXGroup;
			children = (
				5DC7AE0B25815C97007147CF /* Preview Assets.xcassets */,
			);
			path = "Preview Content";
			sourceTree = "<group>";
		};
		5DC7AE1725815CFD007147CF /* CoreData Files */ = {
			isa = PBXGroup;
			children = (
				5DC7AE2D25815FD1007147CF /* Persons+CoreDataClass.swift */,
				5DC7AE2E25815FD1007147CF /* Persons+CoreDataProperties.swift */,
			);
			path = "CoreData Files";
			sourceTree = "<group>";
		};
		5DC7AE1E25815D30007147CF /* Controller */ = {
			isa = PBXGroup;
			children = (
			);
			path = Controller;
			sourceTree = "<group>";
		};
/* End PBXGroup section */

/* Begin PBXNativeTarget section */
		5DC7ADFB25815C93007147CF /* Social_Project */ = {
			isa = PBXNativeTarget;
			buildConfigurationList = 5DC7AE1325815C97007147CF /* Build configuration list for PBXNativeTarget "Social_Project" */;
			buildPhases = (
				5DC7ADF825815C93007147CF /* Sources */,
				5DC7ADF925815C93007147CF /* Frameworks */,
				5DC7ADFA25815C93007147CF /* Resources */,
			);
			buildRules = (
			);
			dependencies = (
			);
			name = Social_Project;
			productName = Social_Project;
			productReference = 5DC7ADFC25815C93007147CF /* Social_Project.app */;
			productType = "com.apple.product-type.application";
		};
/* End PBXNativeTarget section */

/* Begin PBXProject section */
		5DC7ADF425815C93007147CF /* Project object */ = {
			isa = PBXProject;
			attributes = {
				LastSwiftUpdateCheck = 1220;
				LastUpgradeCheck = 1220;
				TargetAttributes = {
					5DC7ADFB25815C93007147CF = {
						CreatedOnToolsVersion = 12.2;
					};
				};
			};
			buildConfigurationList = 5DC7ADF725815C93007147CF /* Build configuration list for PBXProject "Social_Project" */;
			compatibilityVersion = "Xcode 9.3";
			developmentRegion = en;
			hasScannedForEncodings = 0;
			knownRegions = (
				en,
				Base,
			);
			mainGroup = 5DC7ADF325815C93007147CF;
			productRefGroup = 5DC7ADFD25815C93007147CF /* Products */;
			projectDirPath = "";
			projectRoot = "";
			targets = (
				5DC7ADFB25815C93007147CF /* Social_Project */,
			);
		};
/* End PBXProject section */

/* Begin PBXResourcesBuildPhase section */
		5DC7ADFA25815C93007147CF /* Resources */ = {
			isa = PBXResourcesBuildPhase;
			buildActionMask = 2147483647;
			files = (
				5DC7AE0F25815C97007147CF /* LaunchScreen.storyboard in Resources */,
				5DC7AE0C25815C97007147CF /* Preview Assets.xcassets in Resources */,
				5DC7AE0925815C97007147CF /* Assets.xcassets in Resources */,
			);
			runOnlyForDeploymentPostprocessing = 0;
		};
/* End PBXResourcesBuildPhase section */

/* Begin PBXSourcesBuildPhase section */
		5DC7ADF825815C93007147CF /* Sources */ = {
			isa = PBXSourcesBuildPhase;
			buildActionMask = 2147483647;
			files = (
				5DC7AE3025815FD1007147CF /* Persons+CoreDataProperties.swift in Sources */,
				5DC7AE0725815C93007147CF /* Social_Project.xcdatamodeld in Sources */,
				5DC7AE0025815C93007147CF /* AppDelegate.swift in Sources */,
				5DC7AE2F25815FD1007147CF /* Persons+CoreDataClass.swift in Sources */,
				5DC7AE2025815D47007147CF /* AddNewFamily.swift in Sources */,
				5DC7AE0225815C93007147CF /* SceneDelegate.swift in Sources */,
				5DC7AE0425815C93007147CF /* ContentView.swift in Sources */,
			);
			runOnlyForDeploymentPostprocessing = 0;
		};
/* End PBXSourcesBuildPhase section */

/* Begin PBXVariantGroup section */
		5DC7AE0D25815C97007147CF /* LaunchScreen.storyboard */ = {
			isa = PBXVariantGroup;
			children = (
				5DC7AE0E25815C97007147CF /* Base */,
			);
			name = LaunchScreen.storyboard;
			sourceTree = "<group>";
		};
/* End PBXVariantGroup section */

/* Begin XCBuildConfiguration section */
		5DC7AE1125815C97007147CF /* Debug */ = {
			isa = XCBuildConfiguration;
			buildSettings = {
				ALWAYS_SEARCH_USER_PATHS = NO;
				CLANG_ANALYZER_NONNULL = YES;
				CLANG_ANALYZER_NUMBER_OBJECT_CONVERSION = YES_AGGRESSIVE;
				CLANG_CXX_LANGUAGE_STANDARD = "gnu++14";
				CLANG_CXX_LIBRARY = "libc++";
				CLANG_ENABLE_MODULES = YES;
				CLANG_ENABLE_OBJC_ARC = YES;
				CLANG_ENABLE_OBJC_WEAK = YES;
				CLANG_WARN_BLOCK_CAPTURE_AUTORELEASING = YES;
				CLANG_WARN_BOOL_CONVERSION = YES;
				CLANG_WARN_COMMA = YES;
				CLANG_WARN_CONSTANT_CONVERSION = YES;
				CLANG_WARN_DEPRECATED_OBJC_IMPLEMENTATIONS = YES;
				CLANG_WARN_DIRECT_OBJC_ISA_USAGE = YES_ERROR;
				CLANG_WARN_DOCUMENTATION_COMMENTS = YES;
				CLANG_WARN_EMPTY_BODY = YES;
				CLANG_WARN_ENUM_CONVERSION = YES;
				CLANG_WARN_INFINITE_RECURSION = YES;
				CLANG_WARN_INT_CONVERSION = YES;
				CLANG_WARN_NON_LITERAL_NULL_CONVERSION = YES;
				CLANG_WARN_OBJC_IMPLICIT_RETAIN_SELF = YES;
				CLANG_WARN_OBJC_LITERAL_CONVERSION = YES;
				CLANG_WARN_OBJC_ROOT_CLASS = YES_ERROR;
				CLANG_WARN_QUOTED_INCLUDE_IN_FRAMEWORK_HEADER = YES;
				CLANG_WARN_RANGE_LOOP_ANALYSIS = YES;
				CLANG_WARN_STRICT_PROTOTYPES = YES;
				CLANG_WARN_SUSPICIOUS_MOVE = YES;
				CLANG_WARN_UNGUARDED_AVAILABILITY = YES_AGGRESSIVE;
				CLANG_WARN_UNREACHABLE_CODE = YES;
				CLANG_WARN__DUPLICATE_METHOD_MATCH = YES;
				COPY_PHASE_STRIP = NO;
				DEBUG_INFORMATION_FORMAT = dwarf;
				ENABLE_STRICT_OBJC_MSGSEND = YES;
				ENABLE_TESTABILITY = YES;
				GCC_C_LANGUAGE_STANDARD = gnu11;
				GCC_DYNAMIC_NO_PIC = NO;
				GCC_NO_COMMON_BLOCKS = YES;
				GCC_OPTIMIZATION_LEVEL = 0;
				GCC_PREPROCESSOR_DEFINITIONS = (
					"DEBUG=1",
					"$(inherited)",
				);
				GCC_WARN_64_TO_32_BIT_CONVERSION = YES;
				GCC_WARN_ABOUT_RETURN_TYPE = YES_ERROR;
				GCC_WARN_UNDECLARED_SELECTOR = YES;
				GCC_WARN_UNINITIALIZED_AUTOS = YES_AGGRESSIVE;
				GCC_WARN_UNUSED_FUNCTION = YES;
				GCC_WARN_UNUSED_VARIABLE = YES;
				IPHONEOS_DEPLOYMENT_TARGET = 14.2;
				MTL_ENABLE_DEBUG_INFO = INCLUDE_SOURCE;
				MTL_FAST_MATH = YES;
				ONLY_ACTIVE_ARCH = YES;
				SDKROOT = iphoneos;
				SWIFT_ACTIVE_COMPILATION_CONDITIONS = DEBUG;
				SWIFT_OPTIMIZATION_LEVEL = "-Onone";
			};
			name = Debug;
		};
		5DC7AE1225815C97007147CF /* Release */ = {
			isa = XCBuildConfiguration;
			buildSettings = {
				ALWAYS_SEARCH_USER_PATHS = NO;
				CLANG_ANALYZER_NONNULL = YES;
				CLANG_ANALYZER_NUMBER_OBJECT_CONVERSION = YES_AGGRESSIVE;
				CLANG_CXX_LANGUAGE_STANDARD = "gnu++14";
				CLANG_CXX_LIBRARY = "libc++";
				CLANG_ENABLE_MODULES = YES;
				CLANG_ENABLE_OBJC_ARC = YES;
				CLANG_ENABLE_OBJC_WEAK = YES;
				CLANG_WARN_BLOCK_CAPTURE_AUTORELEASING = YES;
				CLANG_WARN_BOOL_CONVERSION = YES;
				CLANG_WARN_COMMA = YES;
				CLANG_WARN_CONSTANT_CONVERSION = YES;
				CLANG_WARN_DEPRECATED_OBJC_IMPLEMENTATIONS = YES;
				CLANG_WARN_DIRECT_OBJC_ISA_USAGE = YES_ERROR;
				CLANG_WARN_DOCUMENTATION_COMMENTS = YES;
				CLANG_WARN_EMPTY_BODY = YES;
				CLANG_WARN_ENUM_CONVERSION = YES;
				CLANG_WARN_INFINITE_RECURSION = YES;
				CLANG_WARN_INT_CONVERSION = YES;
				CLANG_WARN_NON_LITERAL_NULL_CONVERSION = YES;
				CLANG_WARN_OBJC_IMPLICIT_RETAIN_SELF = YES;
				CLANG_WARN_OBJC_LITERAL_CONVERSION = YES;
				CLANG_WARN_OBJC_ROOT_CLASS = YES_ERROR;
				CLANG_WARN_QUOTED_INCLUDE_IN_FRAMEWORK_HEADER = YES;
				CLANG_WARN_RANGE_LOOP_ANALYSIS = YES;
				CLANG_WARN_STRICT_PROTOTYPES = YES;
				CLANG_WARN_SUSPICIOUS_MOVE = YES;
				CLANG_WARN_UNGUARDED_AVAILABILITY = YES_AGGRESSIVE;
				CLANG_WARN_UNREACHABLE_CODE = YES;
				CLANG_WARN__DUPLICATE_METHOD_MATCH = YES;
				COPY_PHASE_STRIP = NO;
				DEBUG_INFORMATION_FORMAT = "dwarf-with-dsym";
				ENABLE_NS_ASSERTIONS = NO;
				ENABLE_STRICT_OBJC_MSGSEND = YES;
				GCC_C_LANGUAGE_STANDARD = gnu11;
				GCC_NO_COMMON_BLOCKS = YES;
				GCC_WARN_64_TO_32_BIT_CONVERSION = YES;
				GCC_WARN_ABOUT_RETURN_TYPE = YES_ERROR;
				GCC_WARN_UNDECLARED_SELECTOR = YES;
				GCC_WARN_UNINITIALIZED_AUTOS = YES_AGGRESSIVE;
				GCC_WARN_UNUSED_FUNCTION = YES;
				GCC_WARN_UNUSED_VARIABLE = YES;
				IPHONEOS_DEPLOYMENT_TARGET = 14.2;
				MTL_ENABLE_DEBUG_INFO = NO;
				MTL_FAST_MATH = YES;
				SDKROOT = iphoneos;
				SWIFT_COMPILATION_MODE = wholemodule;
				SWIFT_OPTIMIZATION_LEVEL = "-O";
				VALIDATE_PRODUCT = YES;
			};
			name = Release;
		};
		5DC7AE1425815C97007147CF /* Debug */ = {
			isa = XCBuildConfiguration;
			buildSettings = {
				ASSETCATALOG_COMPILER_APPICON_NAME = AppIcon;
				ASSETCATALOG_COMPILER_GLOBAL_ACCENT_COLOR_NAME = AccentColor;
				CODE_SIGN_STYLE = Automatic;
				DEVELOPMENT_ASSET_PATHS = "\"Social_Project/Preview Content\"";
				ENABLE_PREVIEWS = YES;
				INFOPLIST_FILE = Social_Project/Info.plist;
				LD_RUNPATH_SEARCH_PATHS = (
					"$(inherited)",
					"@executable_path/Frameworks",
				);
				PRODUCT_BUNDLE_IDENTIFIER = "hicham.Social-Project";
				PRODUCT_NAME = "$(TARGET_NAME)";
				SWIFT_VERSION = 5.0;
				TARGETED_DEVICE_FAMILY = "1,2";
			};
			name = Debug;
		};
		5DC7AE1525815C97007147CF /* Release */ = {
			isa = XCBuildConfiguration;
			buildSettings = {
				ASSETCATALOG_COMPILER_APPICON_NAME = AppIcon;
				ASSETCATALOG_COMPILER_GLOBAL_ACCENT_COLOR_NAME = AccentColor;
				CODE_SIGN_STYLE = Automatic;
				DEVELOPMENT_ASSET_PATHS = "\"Social_Project/Preview Content\"";
				ENABLE_PREVIEWS = YES;
				INFOPLIST_FILE = Social_Project/Info.plist;
				LD_RUNPATH_SEARCH_PATHS = (
					"$(inherited)",
					"@executable_path/Frameworks",
				);
				PRODUCT_BUNDLE_IDENTIFIER = "hicham.Social-Project";
				PRODUCT_NAME = "$(TARGET_NAME)";
				SWIFT_VERSION = 5.0;
				TARGETED_DEVICE_FAMILY = "1,2";
			};
			name = Release;
		};
/* End XCBuildConfiguration section */

/* Begin XCConfigurationList section */
		5DC7ADF725815C93007147CF /* Build configuration list for PBXProject "Social_Project" */ = {
			isa = XCConfigurationList;
			buildConfigurations = (
				5DC7AE1125815C97007147CF /* Debug */,
				5DC7AE1225815C97007147CF /* Release */,
			);
			defaultConfigurationIsVisible = 0;
			defaultConfigurationName = Release;
		};
		5DC7AE1325815C97007147CF /* Build configuration list for PBXNativeTarget "Social_Project" */ = {
			isa = XCConfigurationList;
			buildConfigurations = (
				5DC7AE1425815C97007147CF /* Debug */,
				5DC7AE1525815C97007147CF /* Release */,
			);
			defaultConfigurationIsVisible = 0;
			defaultConfigurationName = Release;
		};
/* End XCConfigurationList section */

/* Begin XCVersionGroup section */
		5DC7AE0525815C93007147CF /* Social_Project.xcdatamodeld */ = {
			isa = XCVersionGroup;
			children = (
				5DC7AE0625815C93007147CF /* Social_Project.xcdatamodel */,
			);
			currentVersion = 5DC7AE0625815C93007147CF /* Social_Project.xcdatamodel */;
			path = Social_Project.xcdatamodeld;
			sourceTree = "<group>";
			versionGroupType = wrapper.xcdatamodel;
		};
/* End XCVersionGroup section */
	};
	rootObject = 5DC7ADF425815C93007147CF /* Project object */;
}
